
Microsoft Visual Studio Solution File, Format Version 12.00
# Visual Studio 14
VisualStudioVersion = 14.0.23107.0
MinimumVisualStudioVersion = 10.0.40219.1
Project("{FAE04EC0-301F-11D3-BF4B-00C04F79EFBC}") = "TankGameUpdated", "TankGameUpdated\TankGameUpdated.csproj", "{533487D2-62D7-48B6-B3F2-14F6592E037B}"
EndProject
Global
	GlobalSection(SolutionConfigurationPlatforms) = preSolution
		Debug|Any CPU = Debug|Any CPU
		Release|Any CPU = Release|Any CPU
	EndGlobalSection
	GlobalSection(ProjectConfigurationPlatforms) = postSolution
		{533487D2-62D7-48B6-B3F2-14F6592E037B}.Debug|Any CPU.ActiveCfg = Debug|Any CPU
		{533487D2-62D7-48B6-B3F2-14F6592E037B}.Debug|Any CPU.Build.0 = Debug|Any CPU
		{533487D2-62D7-48B6-B3F2-14F6592E037B}.Release|Any CPU.ActiveCfg = Release|Any CPU
		{533487D2-62D7-48B6-B3F2-14F6592E037B}.Release|Any CPU.Build.0 = Release|Any CPU
	EndGlobalSection
	GlobalSection(SolutionProperties) = preSolution
		HideSolutionNode = FALSE
	EndGlobalSection
EndGlobal
